{
  "name": "devlyn-os-extensions",
  "lockfileVersion": 3,
  "requires": true,
  "packages": {
    "": {
      "name": "devlyn-os-extensions",
      "workspaces": [
        "sdk"
      ]
    },
    "node_modules/devlyn-plugin": {
      "resolved": "sdk",
      "link": true
    },
    "sdk": {
      "name": "devlyn-plugin",
      "version": "0.1.0",
      "license": "MIT",
      "bin": {
        "devlyn-plugin": "bin.mjs"
      },
      "engines": {
        "node": ">=20"
      }
    }
  }
}
